
Microsoft Visual Studio Solution File, Format Version 12.00
# Visual Studio Version 17
VisualStudioVersion = 17.7.34024.191
MinimumVisualStudioVersion = 10.0.40219.1
Project("{9A19103F-16F7-4668-BE54-9A1E7A4F7556}") = "ConsoleAppRestaurantTableReservationManager", "ConsoleAppRestaurantTableReservationManager.csproj", "{9B5F719D-CA82-40B2-B431-008472A2505E}"
EndProject
Project("{FAE04EC0-301F-11D3-BF4B-00C04F79EFBC}") = "ModulTest", "..\ModulTest\ModulTest.csproj", "{6EAC479B-76B3-46D5-B24F-36D64413E2AF}"
EndProject
Global
	GlobalSection(SolutionConfigurationPlatforms) = preSolution
		Debug|Any CPU = Debug|Any CPU
		Release|Any CPU = Release|Any CPU
	EndGlobalSection
	GlobalSection(ProjectConfigurationPlatforms) = postSolution
		{9B5F719D-CA82-40B2-B431-008472A2505E}.Debug|Any CPU.ActiveCfg = Debug|Any CPU
		{9B5F719D-CA82-40B2-B431-008472A2505E}.Debug|Any CPU.Build.0 = Debug|Any CPU
		{9B5F719D-CA82-40B2-B431-008472A2505E}.Release|Any CPU.ActiveCfg = Release|Any CPU
		{9B5F719D-CA82-40B2-B431-008472A2505E}.Release|Any CPU.Build.0 = Release|Any CPU
		{6EAC479B-76B3-46D5-B24F-36D64413E2AF}.Debug|Any CPU.ActiveCfg = Debug|Any CPU
		{6EAC479B-76B3-46D5-B24F-36D64413E2AF}.Debug|Any CPU.Build.0 = Debug|Any CPU
		{6EAC479B-76B3-46D5-B24F-36D64413E2AF}.Release|Any CPU.ActiveCfg = Release|Any CPU
		{6EAC479B-76B3-46D5-B24F-36D64413E2AF}.Release|Any CPU.Build.0 = Release|Any CPU
	EndGlobalSection
	GlobalSection(SolutionProperties) = preSolution
		HideSolutionNode = FALSE
	EndGlobalSection
	GlobalSection(ExtensibilityGlobals) = postSolution
		SolutionGuid = {F79D1D4F-389E-4810-8307-CB07E87F622E}
	EndGlobalSection
EndGlobal
